
Microsoft Visual Studio Solution File, Format Version 12.00
# Visual Studio Version 17
VisualStudioVersion = 17.10.35122.118
MinimumVisualStudioVersion = 10.0.40219.1
Project("{FAE04EC0-301F-11D3-BF4B-00C04F79EFBC}") = "BookCollection", "BookCollection\BookCollection.csproj", "{4FA8DF99-AED1-4C82-A50D-E2B4D42C9D2B}"
EndProject
Global
	GlobalSection(SolutionConfigurationPlatforms) = preSolution
		Debug|Any CPU = Debug|Any CPU
		Release|Any CPU = Release|Any CPU
	EndGlobalSection
	GlobalSection(ProjectConfigurationPlatforms) = postSolution
		{4FA8DF99-AED1-4C82-A50D-E2B4D42C9D2B}.Debug|Any CPU.ActiveCfg = Debug|Any CPU
		{4FA8DF99-AED1-4C82-A50D-E2B4D42C9D2B}.Debug|Any CPU.Build.0 = Debug|Any CPU
		{4FA8DF99-AED1-4C82-A50D-E2B4D42C9D2B}.Release|Any CPU.ActiveCfg = Release|Any CPU
		{4FA8DF99-AED1-4C82-A50D-E2B4D42C9D2B}.Release|Any CPU.Build.0 = Release|Any CPU
	EndGlobalSection
	GlobalSection(SolutionProperties) = preSolution
		HideSolutionNode = FALSE
	EndGlobalSection
	GlobalSection(ExtensibilityGlobals) = postSolution
		SolutionGuid = {32D1240A-0A78-40E4-B11E-4E0FEE0C3A2F}
	EndGlobalSection
EndGlobal
